
Microsoft Visual Studio Solution File, Format Version 12.00
# Visual Studio Version 17
VisualStudioVersion = 17.9.34723.18
MinimumVisualStudioVersion = 10.0.40219.1
Project("{FAE04EC0-301F-11D3-BF4B-00C04F79EFBC}") = "Movie.Api", "src\Movie.api\Movie.Api.csproj", "{3560436C-3FA3-428F-9ECD-D88F7181B282}"
EndProject
Project("{FAE04EC0-301F-11D3-BF4B-00C04F79EFBC}") = "Movie.Core", "src\Movie.Core\Movie.Core.csproj", "{8C43F55D-E58B-44F9-AFC8-44FCA90DE69A}"
EndProject
Project("{FAE04EC0-301F-11D3-BF4B-00C04F79EFBC}") = "Movie.Repository", "src\Movie.Repository\Movie.Repository.csproj", "{C5A30857-0506-4DF8-91F0-044E4808C0E8}"
EndProject
Global
	GlobalSection(SolutionConfigurationPlatforms) = preSolution
		Debug|Any CPU = Debug|Any CPU
		Release|Any CPU = Release|Any CPU
	EndGlobalSection
	GlobalSection(ProjectConfigurationPlatforms) = postSolution
		{3560436C-3FA3-428F-9ECD-D88F7181B282}.Debug|Any CPU.ActiveCfg = Debug|Any CPU
		{3560436C-3FA3-428F-9ECD-D88F7181B282}.Debug|Any CPU.Build.0 = Debug|Any CPU
		{3560436C-3FA3-428F-9ECD-D88F7181B282}.Release|Any CPU.ActiveCfg = Release|Any CPU
		{3560436C-3FA3-428F-9ECD-D88F7181B282}.Release|Any CPU.Build.0 = Release|Any CPU
		{8C43F55D-E58B-44F9-AFC8-44FCA90DE69A}.Debug|Any CPU.ActiveCfg = Debug|Any CPU
		{8C43F55D-E58B-44F9-AFC8-44FCA90DE69A}.Debug|Any CPU.Build.0 = Debug|Any CPU
		{8C43F55D-E58B-44F9-AFC8-44FCA90DE69A}.Release|Any CPU.ActiveCfg = Release|Any CPU
		{8C43F55D-E58B-44F9-AFC8-44FCA90DE69A}.Release|Any CPU.Build.0 = Release|Any CPU
		{C5A30857-0506-4DF8-91F0-044E4808C0E8}.Debug|Any CPU.ActiveCfg = Debug|Any CPU
		{C5A30857-0506-4DF8-91F0-044E4808C0E8}.Debug|Any CPU.Build.0 = Debug|Any CPU
		{C5A30857-0506-4DF8-91F0-044E4808C0E8}.Release|Any CPU.ActiveCfg = Release|Any CPU
		{C5A30857-0506-4DF8-91F0-044E4808C0E8}.Release|Any CPU.Build.0 = Release|Any CPU
	EndGlobalSection
	GlobalSection(SolutionProperties) = preSolution
		HideSolutionNode = FALSE
	EndGlobalSection
	GlobalSection(ExtensibilityGlobals) = postSolution
		SolutionGuid = {84541690-1542-4B50-9188-9237DDD5D9EB}
	EndGlobalSection
EndGlobal
