
Microsoft Visual Studio Solution File, Format Version 12.00
# Visual Studio Version 17
VisualStudioVersion = 17.9.34723.18
MinimumVisualStudioVersion = 10.0.40219.1
Project("{9A19103F-16F7-4668-BE54-9A1E7A4F7556}") = "Movies.Api", "src\Movie.api\Movies.Api.csproj", "{3560436C-3FA3-428F-9ECD-D88F7181B282}"
EndProject
Project("{9A19103F-16F7-4668-BE54-9A1E7A4F7556}") = "Movies.Core", "src\Movie.Core\Movies.Core.csproj", "{8C43F55D-E58B-44F9-AFC8-44FCA90DE69A}"
EndProject
Project("{9A19103F-16F7-4668-BE54-9A1E7A4F7556}") = "Movies.Repository", "src\Movie.Repository\Movies.Repository.csproj", "{C5A30857-0506-4DF8-91F0-044E4808C0E8}"
EndProject
Global
	GlobalSection(SolutionConfigurationPlatforms) = preSolution
		Debug|Any CPU = Debug|Any CPU
		Release|Any CPU = Release|Any CPU
	EndGlobalSection
	GlobalSection(ProjectConfigurationPlatforms) = postSolution
		{3560436C-3FA3-428F-9ECD-D88F7181B282}.Debug|Any CPU.ActiveCfg = Debug|Any CPU
		{3560436C-3FA3-428F-9ECD-D88F7181B282}.Debug|Any CPU.Build.0 = Debug|Any CPU
		{3560436C-3FA3-428F-9ECD-D88F7181B282}.Release|Any CPU.ActiveCfg = Release|Any CPU
		{3560436C-3FA3-428F-9ECD-D88F7181B282}.Release|Any CPU.Build.0 = Release|Any CPU
		{8C43F55D-E58B-44F9-AFC8-44FCA90DE69A}.Debug|Any CPU.ActiveCfg = Debug|Any CPU
		{8C43F55D-E58B-44F9-AFC8-44FCA90DE69A}.Debug|Any CPU.Build.0 = Debug|Any CPU
		{8C43F55D-E58B-44F9-AFC8-44FCA90DE69A}.Release|Any CPU.ActiveCfg = Release|Any CPU
		{8C43F55D-E58B-44F9-AFC8-44FCA90DE69A}.Release|Any CPU.Build.0 = Release|Any CPU
		{C5A30857-0506-4DF8-91F0-044E4808C0E8}.Debug|Any CPU.ActiveCfg = Debug|Any CPU
		{C5A30857-0506-4DF8-91F0-044E4808C0E8}.Debug|Any CPU.Build.0 = Debug|Any CPU
		{C5A30857-0506-4DF8-91F0-044E4808C0E8}.Release|Any CPU.ActiveCfg = Release|Any CPU
		{C5A30857-0506-4DF8-91F0-044E4808C0E8}.Release|Any CPU.Build.0 = Release|Any CPU
	EndGlobalSection
	GlobalSection(SolutionProperties) = preSolution
		HideSolutionNode = FALSE
	EndGlobalSection
	GlobalSection(ExtensibilityGlobals) = postSolution
		SolutionGuid = {84541690-1542-4B50-9188-9237DDD5D9EB}
	EndGlobalSection
EndGlobal
